
Microsoft Visual Studio Solution File, Format Version 12.00
# Visual Studio Version 17
VisualStudioVersion = 17.2.32526.322
MinimumVisualStudioVersion = 10.0.40219.1
Project("{FAE04EC0-301F-11D3-BF4B-00C04F79EFBC}") = "ProductMange", "ProductMange\ProductMange.csproj", "{BD1914FA-4A5C-4EEA-A795-E747CA66146C}"
EndProject
Global
	GlobalSection(SolutionConfigurationPlatforms) = preSolution
		Debug|Any CPU = Debug|Any CPU
		Release|Any CPU = Release|Any CPU
	EndGlobalSection
	GlobalSection(ProjectConfigurationPlatforms) = postSolution
		{BD1914FA-4A5C-4EEA-A795-E747CA66146C}.Debug|Any CPU.ActiveCfg = Debug|Any CPU
		{BD1914FA-4A5C-4EEA-A795-E747CA66146C}.Debug|Any CPU.Build.0 = Debug|Any CPU
		{BD1914FA-4A5C-4EEA-A795-E747CA66146C}.Release|Any CPU.ActiveCfg = Release|Any CPU
		{BD1914FA-4A5C-4EEA-A795-E747CA66146C}.Release|Any CPU.Build.0 = Release|Any CPU
	EndGlobalSection
	GlobalSection(SolutionProperties) = preSolution
		HideSolutionNode = FALSE
	EndGlobalSection
	GlobalSection(ExtensibilityGlobals) = postSolution
		SolutionGuid = {CCCA17B9-A432-48BE-ADBE-A3B8FD9C08ED}
	EndGlobalSection
EndGlobal
